
Microsoft Visual Studio Solution File, Format Version 12.00
# Visual Studio 15
VisualStudioVersion = 15.0.28307.1082
MinimumVisualStudioVersion = 10.0.40219.1
Project("{FAE04EC0-301F-11D3-BF4B-00C04F79EFBC}") = "T4LSystemFrontEnd", "T4LSystem\T4LSystemFrontEnd.csproj", "{91BB25DD-EBC9-477F-9F4B-F88AE0332C27}"
EndProject
Project("{2150E333-8FDC-42A3-9474-1A3956D46DE8}") = "View", "View", "{12EDF065-E3D2-4C8C-B15F-7664AEBC9DAD}"
EndProject
Project("{2150E333-8FDC-42A3-9474-1A3956D46DE8}") = "Model", "Model", "{2DA904BC-ADE6-44E6-9B2C-F2F5256BB8B4}"
EndProject
Project("{2150E333-8FDC-42A3-9474-1A3956D46DE8}") = "Controller", "Controller", "{23AA2E7B-3575-4B69-8938-9D84BEB298A2}"
EndProject
Project("{FAE04EC0-301F-11D3-BF4B-00C04F79EFBC}") = "T4LSystemLibrary", "T4LSystemLibrary\T4LSystemLibrary.csproj", "{3E692D4A-75F7-4F72-89D8-7CA46F45BC4E}"
EndProject
Project("{FAE04EC0-301F-11D3-BF4B-00C04F79EFBC}") = "T4LSystemBackEnd", "T4LSystemBackEnd\T4LSystemBackEnd.csproj", "{7D1F930C-6F4E-437C-B491-88D332654437}"
EndProject
Global
	GlobalSection(SolutionConfigurationPlatforms) = preSolution
		Debug|Any CPU = Debug|Any CPU
		Release|Any CPU = Release|Any CPU
	EndGlobalSection
	GlobalSection(ProjectConfigurationPlatforms) = postSolution
		{91BB25DD-EBC9-477F-9F4B-F88AE0332C27}.Debug|Any CPU.ActiveCfg = Debug|Any CPU
		{91BB25DD-EBC9-477F-9F4B-F88AE0332C27}.Debug|Any CPU.Build.0 = Debug|Any CPU
		{91BB25DD-EBC9-477F-9F4B-F88AE0332C27}.Release|Any CPU.ActiveCfg = Release|Any CPU
		{91BB25DD-EBC9-477F-9F4B-F88AE0332C27}.Release|Any CPU.Build.0 = Release|Any CPU
		{3E692D4A-75F7-4F72-89D8-7CA46F45BC4E}.Debug|Any CPU.ActiveCfg = Debug|Any CPU
		{3E692D4A-75F7-4F72-89D8-7CA46F45BC4E}.Debug|Any CPU.Build.0 = Debug|Any CPU
		{3E692D4A-75F7-4F72-89D8-7CA46F45BC4E}.Release|Any CPU.ActiveCfg = Release|Any CPU
		{3E692D4A-75F7-4F72-89D8-7CA46F45BC4E}.Release|Any CPU.Build.0 = Release|Any CPU
		{7D1F930C-6F4E-437C-B491-88D332654437}.Debug|Any CPU.ActiveCfg = Debug|Any CPU
		{7D1F930C-6F4E-437C-B491-88D332654437}.Debug|Any CPU.Build.0 = Debug|Any CPU
		{7D1F930C-6F4E-437C-B491-88D332654437}.Release|Any CPU.ActiveCfg = Release|Any CPU
		{7D1F930C-6F4E-437C-B491-88D332654437}.Release|Any CPU.Build.0 = Release|Any CPU
	EndGlobalSection
	GlobalSection(SolutionProperties) = preSolution
		HideSolutionNode = FALSE
	EndGlobalSection
	GlobalSection(NestedProjects) = preSolution
		{91BB25DD-EBC9-477F-9F4B-F88AE0332C27} = {12EDF065-E3D2-4C8C-B15F-7664AEBC9DAD}
		{3E692D4A-75F7-4F72-89D8-7CA46F45BC4E} = {2DA904BC-ADE6-44E6-9B2C-F2F5256BB8B4}
		{7D1F930C-6F4E-437C-B491-88D332654437} = {23AA2E7B-3575-4B69-8938-9D84BEB298A2}
	EndGlobalSection
	GlobalSection(ExtensibilityGlobals) = postSolution
		SolutionGuid = {136536F9-2E57-4B24-8639-8C591CC5EB30}
	EndGlobalSection
EndGlobal
